// !$*UTF8*$!
{
	archiveVersion = 1;
	classes = {
	};
	objectVersion = 77;
	objects = {

/* Begin PBXContainerItemProxy section */
		148565CA2D9D9E87002121E8 /* PBXContainerItemProxy */ = {
			isa = PBXContainerItemProxy;
			containerPortal = 148565B12D9D9E85002121E8 /* Project object */;
			proxyType = 1;
			remoteGlobalIDString = 148565B82D9D9E85002121E8;
			remoteInfo = "NotMVVM-seminar-practice";
		};
		148565D42D9D9E87002121E8 /* PBXContainerItemProxy */ = {
			isa = PBXContainerItemProxy;
			containerPortal = 148565B12D9D9E85002121E8 /* Project object */;
			proxyType = 1;
			remoteGlobalIDString = 148565B82D9D9E85002121E8;
			remoteInfo = "NotMVVM-seminar-practice";
		};
/* End PBXContainerItemProxy section */

/* Begin PBXFileReference section */
		148565B92D9D9E85002121E8 /* NotMVVM-seminar-practice.app */ = {isa = PBXFileReference; explicitFileType = wrapper.application; includeInIndex = 0; path = "NotMVVM-seminar-practice.app"; sourceTree = BUILT_PRODUCTS_DIR; };
		148565C92D9D9E87002121E8 /* NotMVVM-seminar-practiceTests.xctest */ = {isa = PBXFileReference; explicitFileType = wrapper.cfbundle; includeInIndex = 0; path = "NotMVVM-seminar-practiceTests.xctest"; sourceTree = BUILT_PRODUCTS_DIR; };
		148565D32D9D9E87002121E8 /* NotMVVM-seminar-practiceUITests.xctest */ = {isa = PBXFileReference; explicitFileType = wrapper.cfbundle; includeInIndex = 0; path = "NotMVVM-seminar-practiceUITests.xctest"; sourceTree = BUILT_PRODUCTS_DIR; };
/* End PBXFileReference section */

/* Begin PBXFileSystemSynchronizedRootGroup section */
		148565BB2D9D9E85002121E8 /* NotMVVM-seminar-practice */ = {
			isa = PBXFileSystemSynchronizedRootGroup;
			path = "NotMVVM-seminar-practice";
			sourceTree = "<group>";
		};
		148565CC2D9D9E87002121E8 /* NotMVVM-seminar-practiceTests */ = {
			isa = PBXFileSystemSynchronizedRootGroup;
			path = "NotMVVM-seminar-practiceTests";
			sourceTree = "<group>";
		};
		148565D62D9D9E87002121E8 /* NotMVVM-seminar-practiceUITests */ = {
			isa = PBXFileSystemSynchronizedRootGroup;
			path = "NotMVVM-seminar-practiceUITests";
			sourceTree = "<group>";
		};
/* End PBXFileSystemSynchronizedRootGroup section */

/* Begin PBXFrameworksBuildPhase section */
		148565B62D9D9E85002121E8 /* Frameworks */ = {
			isa = PBXFrameworksBuildPhase;
			buildActionMask = 2147483647;
			files = (
			);
			runOnlyForDeploymentPostprocessing = 0;
		};
		148565C62D9D9E87002121E8 /* Frameworks */ = {
			isa = PBXFrameworksBuildPhase;
			buildActionMask = 2147483647;
			files = (
			);
			runOnlyForDeploymentPostprocessing = 0;
		};
		148565D02D9D9E87002121E8 /* Frameworks */ = {
			isa = PBXFrameworksBuildPhase;
			buildActionMask = 2147483647;
			files = (
			);
			runOnlyForDeploymentPostprocessing = 0;
		};
/* End PBXFrameworksBuildPhase section */

/* Begin PBXGroup section */
		148565B02D9D9E85002121E8 = {
			isa = PBXGroup;
			children = (
				148565BB2D9D9E85002121E8 /* NotMVVM-seminar-practice */,
				148565CC2D9D9E87002121E8 /* NotMVVM-seminar-practiceTests */,
				148565D62D9D9E87002121E8 /* NotMVVM-seminar-practiceUITests */,
				148565BA2D9D9E85002121E8 /* Products */,
			);
			sourceTree = "<group>";
		};
		148565BA2D9D9E85002121E8 /* Products */ = {
			isa = PBXGroup;
			children = (
				148565B92D9D9E85002121E8 /* NotMVVM-seminar-practice.app */,
				148565C92D9D9E87002121E8 /* NotMVVM-seminar-practiceTests.xctest */,
				148565D32D9D9E87002121E8 /* NotMVVM-seminar-practiceUITests.xctest */,
			);
			name = Products;
			sourceTree = "<group>";
		};
/* End PBXGroup section */

/* Begin PBXNativeTarget section */
		148565B82D9D9E85002121E8 /* NotMVVM-seminar-practice */ = {
			isa = PBXNativeTarget;
			buildConfigurationList = 148565DD2D9D9E87002121E8 /* Build configuration list for PBXNativeTarget "NotMVVM-seminar-practice" */;
			buildPhases = (
				148565B52D9D9E85002121E8 /* Sources */,
				148565B62D9D9E85002121E8 /* Frameworks */,
				148565B72D9D9E85002121E8 /* Resources */,
			);
			buildRules = (
			);
			dependencies = (
			);
			fileSystemSynchronizedGroups = (
				148565BB2D9D9E85002121E8 /* NotMVVM-seminar-practice */,
			);
			name = "NotMVVM-seminar-practice";
			packageProductDependencies = (
			);
			productName = "NotMVVM-seminar-practice";
			productReference = 148565B92D9D9E85002121E8 /* NotMVVM-seminar-practice.app */;
			productType = "com.apple.product-type.application";
		};
		148565C82D9D9E87002121E8 /* NotMVVM-seminar-practiceTests */ = {
			isa = PBXNativeTarget;
			buildConfigurationList = 148565E02D9D9E87002121E8 /* Build configuration list for PBXNativeTarget "NotMVVM-seminar-practiceTests" */;
			buildPhases = (
				148565C52D9D9E87002121E8 /* Sources */,
				148565C62D9D9E87002121E8 /* Frameworks */,
				148565C72D9D9E87002121E8 /* Resources */,
			);
			buildRules = (
			);
			dependencies = (
				148565CB2D9D9E87002121E8 /* PBXTargetDependency */,
			);
			fileSystemSynchronizedGroups = (
				148565CC2D9D9E87002121E8 /* NotMVVM-seminar-practiceTests */,
			);
			name = "NotMVVM-seminar-practiceTests";
			packageProductDependencies = (
			);
			productName = "NotMVVM-seminar-practiceTests";
			productReference = 148565C92D9D9E87002121E8 /* NotMVVM-seminar-practiceTests.xctest */;
			productType = "com.apple.product-type.bundle.unit-test";
		};
		148565D22D9D9E87002121E8 /* NotMVVM-seminar-practiceUITests */ = {
			isa = PBXNativeTarget;
			buildConfigurationList = 148565E32D9D9E87002121E8 /* Build configuration list for PBXNativeTarget "NotMVVM-seminar-practiceUITests" */;
			buildPhases = (
				148565CF2D9D9E87002121E8 /* Sources */,
				148565D02D9D9E87002121E8 /* Frameworks */,
				148565D12D9D9E87002121E8 /* Resources */,
			);
			buildRules = (
			);
			dependencies = (
				148565D52D9D9E87002121E8 /* PBXTargetDependency */,
			);
			fileSystemSynchronizedGroups = (
				148565D62D9D9E87002121E8 /* NotMVVM-seminar-practiceUITests */,
			);
			name = "NotMVVM-seminar-practiceUITests";
			packageProductDependencies = (
			);
			productName = "NotMVVM-seminar-practiceUITests";
			productReference = 148565D32D9D9E87002121E8 /* NotMVVM-seminar-practiceUITests.xctest */;
			productType = "com.apple.product-type.bundle.ui-testing";
		};
/* End PBXNativeTarget section */

/* Begin PBXProject section */
		148565B12D9D9E85002121E8 /* Project object */ = {
			isa = PBXProject;
			attributes = {
				BuildIndependentTargetsInParallel = 1;
				LastSwiftUpdateCheck = 1620;
				LastUpgradeCheck = 1620;
				TargetAttributes = {
					148565B82D9D9E85002121E8 = {
						CreatedOnToolsVersion = 16.2;
					};
					148565C82D9D9E87002121E8 = {
						CreatedOnToolsVersion = 16.2;
						TestTargetID = 148565B82D9D9E85002121E8;
					};
					148565D22D9D9E87002121E8 = {
						CreatedOnToolsVersion = 16.2;
						TestTargetID = 148565B82D9D9E85002121E8;
					};
				};
			};
			buildConfigurationList = 148565B42D9D9E85002121E8 /* Build configuration list for PBXProject "NotMVVM-seminar-practice" */;
			developmentRegion = en;
			hasScannedForEncodings = 0;
			knownRegions = (
				en,
				Base,
			);
			mainGroup = 148565B02D9D9E85002121E8;
			minimizedProjectReferenceProxies = 1;
			preferredProjectObjectVersion = 77;
			productRefGroup = 148565BA2D9D9E85002121E8 /* Products */;
			projectDirPath = "";
			projectRoot = "";
			targets = (
				148565B82D9D9E85002121E8 /* NotMVVM-seminar-practice */,
				148565C82D9D9E87002121E8 /* NotMVVM-seminar-practiceTests */,
				148565D22D9D9E87002121E8 /* NotMVVM-seminar-practiceUITests */,
			);
		};
/* End PBXProject section */

/* Begin PBXResourcesBuildPhase section */
		148565B72D9D9E85002121E8 /* Resources */ = {
			isa = PBXResourcesBuildPhase;
			buildActionMask = 2147483647;
			files = (
			);
			runOnlyForDeploymentPostprocessing = 0;
		};
		148565C72D9D9E87002121E8 /* Resources */ = {
			isa = PBXResourcesBuildPhase;
			buildActionMask = 2147483647;
			files = (
			);
			runOnlyForDeploymentPostprocessing = 0;
		};
		148565D12D9D9E87002121E8 /* Resources */ = {
			isa = PBXResourcesBuildPhase;
			buildActionMask = 2147483647;
			files = (
			);
			runOnlyForDeploymentPostprocessing = 0;
		};
/* End PBXResourcesBuildPhase section */

/* Begin PBXSourcesBuildPhase section */
		148565B52D9D9E85002121E8 /* Sources */ = {
			isa = PBXSourcesBuildPhase;
			buildActionMask = 2147483647;
			files = (
			);
			runOnlyForDeploymentPostprocessing = 0;
		};
		148565C52D9D9E87002121E8 /* Sources */ = {
			isa = PBXSourcesBuildPhase;
			buildActionMask = 2147483647;
			files = (
			);
			runOnlyForDeploymentPostprocessing = 0;
		};
		148565CF2D9D9E87002121E8 /* Sources */ = {
			isa = PBXSourcesBuildPhase;
			buildActionMask = 2147483647;
			files = (
			);
			runOnlyForDeploymentPostprocessing = 0;
		};
/* End PBXSourcesBuildPhase section */

/* Begin PBXTargetDependency section */
		148565CB2D9D9E87002121E8 /* PBXTargetDependency */ = {
			isa = PBXTargetDependency;
			target = 148565B82D9D9E85002121E8 /* NotMVVM-seminar-practice */;
			targetProxy = 148565CA2D9D9E87002121E8 /* PBXContainerItemProxy */;
		};
		148565D52D9D9E87002121E8 /* PBXTargetDependency */ = {
			isa = PBXTargetDependency;
			target = 148565B82D9D9E85002121E8 /* NotMVVM-seminar-practice */;
			targetProxy = 148565D42D9D9E87002121E8 /* PBXContainerItemProxy */;
		};
/* End PBXTargetDependency section */

/* Begin XCBuildConfiguration section */
		148565DB2D9D9E87002121E8 /* Debug */ = {
			isa = XCBuildConfiguration;
			buildSettings = {
				ALWAYS_SEARCH_USER_PATHS = NO;
				ASSETCATALOG_COMPILER_GENERATE_SWIFT_ASSET_SYMBOL_EXTENSIONS = YES;
				CLANG_ANALYZER_NONNULL = YES;
				CLANG_ANALYZER_NUMBER_OBJECT_CONVERSION = YES_AGGRESSIVE;
				CLANG_CXX_LANGUAGE_STANDARD = "gnu++20";
				CLANG_ENABLE_MODULES = YES;
				CLANG_ENABLE_OBJC_ARC = YES;
				CLANG_ENABLE_OBJC_WEAK = YES;
				CLANG_WARN_BLOCK_CAPTURE_AUTORELEASING = YES;
				CLANG_WARN_BOOL_CONVERSION = YES;
				CLANG_WARN_COMMA = YES;
				CLANG_WARN_CONSTANT_CONVERSION = YES;
				CLANG_WARN_DEPRECATED_OBJC_IMPLEMENTATIONS = YES;
				CLANG_WARN_DIRECT_OBJC_ISA_USAGE = YES_ERROR;
				CLANG_WARN_DOCUMENTATION_COMMENTS = YES;
				CLANG_WARN_EMPTY_BODY = YES;
				CLANG_WARN_ENUM_CONVERSION = YES;
				CLANG_WARN_INFINITE_RECURSION = YES;
				CLANG_WARN_INT_CONVERSION = YES;
				CLANG_WARN_NON_LITERAL_NULL_CONVERSION = YES;
				CLANG_WARN_OBJC_IMPLICIT_RETAIN_SELF = YES;
				CLANG_WARN_OBJC_LITERAL_CONVERSION = YES;
				CLANG_WARN_OBJC_ROOT_CLASS = YES_ERROR;
				CLANG_WARN_QUOTED_INCLUDE_IN_FRAMEWORK_HEADER = YES;
				CLANG_WARN_RANGE_LOOP_ANALYSIS = YES;
				CLANG_WARN_STRICT_PROTOTYPES = YES;
				CLANG_WARN_SUSPICIOUS_MOVE = YES;
				CLANG_WARN_UNGUARDED_AVAILABILITY = YES_AGGRESSIVE;
				CLANG_WARN_UNREACHABLE_CODE = YES;
				CLANG_WARN__DUPLICATE_METHOD_MATCH = YES;
				COPY_PHASE_STRIP = NO;
				DEBUG_INFORMATION_FORMAT = dwarf;
				ENABLE_STRICT_OBJC_MSGSEND = YES;
				ENABLE_TESTABILITY = YES;
				ENABLE_USER_SCRIPT_SANDBOXING = YES;
				GCC_C_LANGUAGE_STANDARD = gnu17;
				GCC_DYNAMIC_NO_PIC = NO;
				GCC_NO_COMMON_BLOCKS = YES;
				GCC_OPTIMIZATION_LEVEL = 0;
				GCC_PREPROCESSOR_DEFINITIONS = (
					"DEBUG=1",
					"$(inherited)",
				);
				GCC_WARN_64_TO_32_BIT_CONVERSION = YES;
				GCC_WARN_ABOUT_RETURN_TYPE = YES_ERROR;
				GCC_WARN_UNDECLARED_SELECTOR = YES;
				GCC_WARN_UNINITIALIZED_AUTOS = YES_AGGRESSIVE;
				GCC_WARN_UNUSED_FUNCTION = YES;
				GCC_WARN_UNUSED_VARIABLE = YES;
				IPHONEOS_DEPLOYMENT_TARGET = 18.2;
				LOCALIZATION_PREFERS_STRING_CATALOGS = YES;
				MTL_ENABLE_DEBUG_INFO = INCLUDE_SOURCE;
				MTL_FAST_MATH = YES;
				ONLY_ACTIVE_ARCH = YES;
				SDKROOT = iphoneos;
				SWIFT_ACTIVE_COMPILATION_CONDITIONS = "DEBUG $(inherited)";
				SWIFT_OPTIMIZATION_LEVEL = "-Onone";
			};
			name = Debug;
		};
		148565DC2D9D9E87002121E8 /* Release */ = {
			isa = XCBuildConfiguration;
			buildSettings = {
				ALWAYS_SEARCH_USER_PATHS = NO;
				ASSETCATALOG_COMPILER_GENERATE_SWIFT_ASSET_SYMBOL_EXTENSIONS = YES;
				CLANG_ANALYZER_NONNULL = YES;
				CLANG_ANALYZER_NUMBER_OBJECT_CONVERSION = YES_AGGRESSIVE;
				CLANG_CXX_LANGUAGE_STANDARD = "gnu++20";
				CLANG_ENABLE_MODULES = YES;
				CLANG_ENABLE_OBJC_ARC = YES;
				CLANG_ENABLE_OBJC_WEAK = YES;
				CLANG_WARN_BLOCK_CAPTURE_AUTORELEASING = YES;
				CLANG_WARN_BOOL_CONVERSION = YES;
				CLANG_WARN_COMMA = YES;
				CLANG_WARN_CONSTANT_CONVERSION = YES;
				CLANG_WARN_DEPRECATED_OBJC_IMPLEMENTATIONS = YES;
				CLANG_WARN_DIRECT_OBJC_ISA_USAGE = YES_ERROR;
				CLANG_WARN_DOCUMENTATION_COMMENTS = YES;
				CLANG_WARN_EMPTY_BODY = YES;
				CLANG_WARN_ENUM_CONVERSION = YES;
				CLANG_WARN_INFINITE_RECURSION = YES;
				CLANG_WARN_INT_CONVERSION = YES;
				CLANG_WARN_NON_LITERAL_NULL_CONVERSION = YES;
				CLANG_WARN_OBJC_IMPLICIT_RETAIN_SELF = YES;
				CLANG_WARN_OBJC_LITERAL_CONVERSION = YES;
				CLANG_WARN_OBJC_ROOT_CLASS = YES_ERROR;
				CLANG_WARN_QUOTED_INCLUDE_IN_FRAMEWORK_HEADER = YES;
				CLANG_WARN_RANGE_LOOP_ANALYSIS = YES;
				CLANG_WARN_STRICT_PROTOTYPES = YES;
				CLANG_WARN_SUSPICIOUS_MOVE = YES;
				CLANG_WARN_UNGUARDED_AVAILABILITY = YES_AGGRESSIVE;
				CLANG_WARN_UNREACHABLE_CODE = YES;
				CLANG_WARN__DUPLICATE_METHOD_MATCH = YES;
				COPY_PHASE_STRIP = NO;
				DEBUG_INFORMATION_FORMAT = "dwarf-with-dsym";
				ENABLE_NS_ASSERTIONS = NO;
				ENABLE_STRICT_OBJC_MSGSEND = YES;
				ENABLE_USER_SCRIPT_SANDBOXING = YES;
				GCC_C_LANGUAGE_STANDARD = gnu17;
				GCC_NO_COMMON_BLOCKS = YES;
				GCC_WARN_64_TO_32_BIT_CONVERSION = YES;
				GCC_WARN_ABOUT_RETURN_TYPE = YES_ERROR;
				GCC_WARN_UNDECLARED_SELECTOR = YES;
				GCC_WARN_UNINITIALIZED_AUTOS = YES_AGGRESSIVE;
				GCC_WARN_UNUSED_FUNCTION = YES;
				GCC_WARN_UNUSED_VARIABLE = YES;
				IPHONEOS_DEPLOYMENT_TARGET = 18.2;
				LOCALIZATION_PREFERS_STRING_CATALOGS = YES;
				MTL_ENABLE_DEBUG_INFO = NO;
				MTL_FAST_MATH = YES;
				SDKROOT = iphoneos;
				SWIFT_COMPILATION_MODE = wholemodule;
				VALIDATE_PRODUCT = YES;
			};
			name = Release;
		};
		148565DE2D9D9E87002121E8 /* Debug */ = {
			isa = XCBuildConfiguration;
			buildSettings = {
				ASSETCATALOG_COMPILER_APPICON_NAME = AppIcon;
				ASSETCATALOG_COMPILER_GLOBAL_ACCENT_COLOR_NAME = AccentColor;
				CODE_SIGN_STYLE = Automatic;
				CURRENT_PROJECT_VERSION = 1;
				DEVELOPMENT_ASSET_PATHS = "\"NotMVVM-seminar-practice/Resources/Preview Content\"";
				DEVELOPMENT_TEAM = QPXSR9M985;
				ENABLE_PREVIEWS = YES;
				GENERATE_INFOPLIST_FILE = YES;
				INFOPLIST_KEY_UIApplicationSceneManifest_Generation = YES;
				INFOPLIST_KEY_UIApplicationSupportsIndirectInputEvents = YES;
				INFOPLIST_KEY_UILaunchScreen_Generation = YES;
				INFOPLIST_KEY_UISupportedInterfaceOrientations_iPad = "UIInterfaceOrientationPortrait UIInterfaceOrientationPortraitUpsideDown UIInterfaceOrientationLandscapeLeft UIInterfaceOrientationLandscapeRight";
				INFOPLIST_KEY_UISupportedInterfaceOrientations_iPhone = "UIInterfaceOrientationPortrait UIInterfaceOrientationLandscapeLeft UIInterfaceOrientationLandscapeRight";
				LD_RUNPATH_SEARCH_PATHS = (
					"$(inherited)",
					"@executable_path/Frameworks",
				);
				MARKETING_VERSION = 1.0;
				PRODUCT_BUNDLE_IDENTIFIER = "com.lyh.NotMVVM-seminar-practice";
				PRODUCT_NAME = "$(TARGET_NAME)";
				SWIFT_EMIT_LOC_STRINGS = YES;
				SWIFT_VERSION = 5.0;
				TARGETED_DEVICE_FAMILY = "1,2";
			};
			name = Debug;
		};
		148565DF2D9D9E87002121E8 /* Release */ = {
			isa = XCBuildConfiguration;
			buildSettings = {
				ASSETCATALOG_COMPILER_APPICON_NAME = AppIcon;
				ASSETCATALOG_COMPILER_GLOBAL_ACCENT_COLOR_NAME = AccentColor;
				CODE_SIGN_STYLE = Automatic;
				CURRENT_PROJECT_VERSION = 1;
				DEVELOPMENT_ASSET_PATHS = "\"NotMVVM-seminar-practice/Resources/Preview Content\"";
				DEVELOPMENT_TEAM = QPXSR9M985;
				ENABLE_PREVIEWS = YES;
				GENERATE_INFOPLIST_FILE = YES;
				INFOPLIST_KEY_UIApplicationSceneManifest_Generation = YES;
				INFOPLIST_KEY_UIApplicationSupportsIndirectInputEvents = YES;
				INFOPLIST_KEY_UILaunchScreen_Generation = YES;
				INFOPLIST_KEY_UISupportedInterfaceOrientations_iPad = "UIInterfaceOrientationPortrait UIInterfaceOrientationPortraitUpsideDown UIInterfaceOrientationLandscapeLeft UIInterfaceOrientationLandscapeRight";
				INFOPLIST_KEY_UISupportedInterfaceOrientations_iPhone = "UIInterfaceOrientationPortrait UIInterfaceOrientationLandscapeLeft UIInterfaceOrientationLandscapeRight";
				LD_RUNPATH_SEARCH_PATHS = (
					"$(inherited)",
					"@executable_path/Frameworks",
				);
				MARKETING_VERSION = 1.0;
				PRODUCT_BUNDLE_IDENTIFIER = "com.lyh.NotMVVM-seminar-practice";
				PRODUCT_NAME = "$(TARGET_NAME)";
				SWIFT_EMIT_LOC_STRINGS = YES;
				SWIFT_VERSION = 5.0;
				TARGETED_DEVICE_FAMILY = "1,2";
			};
			name = Release;
		};
		148565E12D9D9E87002121E8 /* Debug */ = {
			isa = XCBuildConfiguration;
			buildSettings = {
				BUNDLE_LOADER = "$(TEST_HOST)";
				CODE_SIGN_STYLE = Automatic;
				CURRENT_PROJECT_VERSION = 1;
				DEVELOPMENT_TEAM = QPXSR9M985;
				GENERATE_INFOPLIST_FILE = YES;
				IPHONEOS_DEPLOYMENT_TARGET = 18.2;
				MARKETING_VERSION = 1.0;
				PRODUCT_BUNDLE_IDENTIFIER = "com.lyh.NotMVVM-seminar-practiceTests";
				PRODUCT_NAME = "$(TARGET_NAME)";
				SWIFT_EMIT_LOC_STRINGS = NO;
				SWIFT_VERSION = 5.0;
				TARGETED_DEVICE_FAMILY = "1,2";
				TEST_HOST = "$(BUILT_PRODUCTS_DIR)/NotMVVM-seminar-practice.app/$(BUNDLE_EXECUTABLE_FOLDER_PATH)/NotMVVM-seminar-practice";
			};
			name = Debug;
		};
		148565E22D9D9E87002121E8 /* Release */ = {
			isa = XCBuildConfiguration;
			buildSettings = {
				BUNDLE_LOADER = "$(TEST_HOST)";
				CODE_SIGN_STYLE = Automatic;
				CURRENT_PROJECT_VERSION = 1;
				DEVELOPMENT_TEAM = QPXSR9M985;
				GENERATE_INFOPLIST_FILE = YES;
				IPHONEOS_DEPLOYMENT_TARGET = 18.2;
				MARKETING_VERSION = 1.0;
				PRODUCT_BUNDLE_IDENTIFIER = "com.lyh.NotMVVM-seminar-practiceTests";
				PRODUCT_NAME = "$(TARGET_NAME)";
				SWIFT_EMIT_LOC_STRINGS = NO;
				SWIFT_VERSION = 5.0;
				TARGETED_DEVICE_FAMILY = "1,2";
				TEST_HOST = "$(BUILT_PRODUCTS_DIR)/NotMVVM-seminar-practice.app/$(BUNDLE_EXECUTABLE_FOLDER_PATH)/NotMVVM-seminar-practice";
			};
			name = Release;
		};
		148565E42D9D9E87002121E8 /* Debug */ = {
			isa = XCBuildConfiguration;
			buildSettings = {
				CODE_SIGN_STYLE = Automatic;
				CURRENT_PROJECT_VERSION = 1;
				DEVELOPMENT_TEAM = QPXSR9M985;
				GENERATE_INFOPLIST_FILE = YES;
				MARKETING_VERSION = 1.0;
				PRODUCT_BUNDLE_IDENTIFIER = "com.lyh.NotMVVM-seminar-practiceUITests";
				PRODUCT_NAME = "$(TARGET_NAME)";
				SWIFT_EMIT_LOC_STRINGS = NO;
				SWIFT_VERSION = 5.0;
				TARGETED_DEVICE_FAMILY = "1,2";
				TEST_TARGET_NAME = "NotMVVM-seminar-practice";
			};
			name = Debug;
		};
		148565E52D9D9E87002121E8 /* Release */ = {
			isa = XCBuildConfiguration;
			buildSettings = {
				CODE_SIGN_STYLE = Automatic;
				CURRENT_PROJECT_VERSION = 1;
				DEVELOPMENT_TEAM = QPXSR9M985;
				GENERATE_INFOPLIST_FILE = YES;
				MARKETING_VERSION = 1.0;
				PRODUCT_BUNDLE_IDENTIFIER = "com.lyh.NotMVVM-seminar-practiceUITests";
				PRODUCT_NAME = "$(TARGET_NAME)";
				SWIFT_EMIT_LOC_STRINGS = NO;
				SWIFT_VERSION = 5.0;
				TARGETED_DEVICE_FAMILY = "1,2";
				TEST_TARGET_NAME = "NotMVVM-seminar-practice";
			};
			name = Release;
		};
/* End XCBuildConfiguration section */

/* Begin XCConfigurationList section */
		148565B42D9D9E85002121E8 /* Build configuration list for PBXProject "NotMVVM-seminar-practice" */ = {
			isa = XCConfigurationList;
			buildConfigurations = (
				148565DB2D9D9E87002121E8 /* Debug */,
				148565DC2D9D9E87002121E8 /* Release */,
			);
			defaultConfigurationIsVisible = 0;
			defaultConfigurationName = Release;
		};
		148565DD2D9D9E87002121E8 /* Build configuration list for PBXNativeTarget "NotMVVM-seminar-practice" */ = {
			isa = XCConfigurationList;
			buildConfigurations = (
				148565DE2D9D9E87002121E8 /* Debug */,
				148565DF2D9D9E87002121E8 /* Release */,
			);
			defaultConfigurationIsVisible = 0;
			defaultConfigurationName = Release;
		};
		148565E02D9D9E87002121E8 /* Build configuration list for PBXNativeTarget "NotMVVM-seminar-practiceTests" */ = {
			isa = XCConfigurationList;
			buildConfigurations = (
				148565E12D9D9E87002121E8 /* Debug */,
				148565E22D9D9E87002121E8 /* Release */,
			);
			defaultConfigurationIsVisible = 0;
			defaultConfigurationName = Release;
		};
		148565E32D9D9E87002121E8 /* Build configuration list for PBXNativeTarget "NotMVVM-seminar-practiceUITests" */ = {
			isa = XCConfigurationList;
			buildConfigurations = (
				148565E42D9D9E87002121E8 /* Debug */,
				148565E52D9D9E87002121E8 /* Release */,
			);
			defaultConfigurationIsVisible = 0;
			defaultConfigurationName = Release;
		};
/* End XCConfigurationList section */
	};
	rootObject = 148565B12D9D9E85002121E8 /* Project object */;
}
