// !$*UTF8*$!
{
	archiveVersion = 1;
	classes = {
	};
	objectVersion = 77;
	objects = {

/* Begin PBXContainerItemProxy section */
		14BDD09A2D736A5A004AE785 /* PBXContainerItemProxy */ = {
			isa = PBXContainerItemProxy;
			containerPortal = 14BDD07F2D736A58004AE785 /* Project object */;
			proxyType = 1;
			remoteGlobalIDString = 14BDD0862D736A58004AE785;
			remoteInfo = "5th-SwiftUI-SwiftData";
		};
		14BDD0A42D736A5A004AE785 /* PBXContainerItemProxy */ = {
			isa = PBXContainerItemProxy;
			containerPortal = 14BDD07F2D736A58004AE785 /* Project object */;
			proxyType = 1;
			remoteGlobalIDString = 14BDD0862D736A58004AE785;
			remoteInfo = "5th-SwiftUI-SwiftData";
		};
/* End PBXContainerItemProxy section */

/* Begin PBXFileReference section */
		14BDD0872D736A58004AE785 /* 5th-SwiftUI-SwiftData.app */ = {isa = PBXFileReference; explicitFileType = wrapper.application; includeInIndex = 0; path = "5th-SwiftUI-SwiftData.app"; sourceTree = BUILT_PRODUCTS_DIR; };
		14BDD0992D736A5A004AE785 /* 5th-SwiftUI-SwiftDataTests.xctest */ = {isa = PBXFileReference; explicitFileType = wrapper.cfbundle; includeInIndex = 0; path = "5th-SwiftUI-SwiftDataTests.xctest"; sourceTree = BUILT_PRODUCTS_DIR; };
		14BDD0A32D736A5A004AE785 /* 5th-SwiftUI-SwiftDataUITests.xctest */ = {isa = PBXFileReference; explicitFileType = wrapper.cfbundle; includeInIndex = 0; path = "5th-SwiftUI-SwiftDataUITests.xctest"; sourceTree = BUILT_PRODUCTS_DIR; };
/* End PBXFileReference section */

/* Begin PBXFileSystemSynchronizedRootGroup section */
		14BDD0892D736A58004AE785 /* 5th-SwiftUI-SwiftData */ = {
			isa = PBXFileSystemSynchronizedRootGroup;
			path = "5th-SwiftUI-SwiftData";
			sourceTree = "<group>";
		};
		14BDD09C2D736A5A004AE785 /* 5th-SwiftUI-SwiftDataTests */ = {
			isa = PBXFileSystemSynchronizedRootGroup;
			path = "5th-SwiftUI-SwiftDataTests";
			sourceTree = "<group>";
		};
		14BDD0A62D736A5A004AE785 /* 5th-SwiftUI-SwiftDataUITests */ = {
			isa = PBXFileSystemSynchronizedRootGroup;
			path = "5th-SwiftUI-SwiftDataUITests";
			sourceTree = "<group>";
		};
/* End PBXFileSystemSynchronizedRootGroup section */

/* Begin PBXFrameworksBuildPhase section */
		14BDD0842D736A58004AE785 /* Frameworks */ = {
			isa = PBXFrameworksBuildPhase;
			buildActionMask = 2147483647;
			files = (
			);
			runOnlyForDeploymentPostprocessing = 0;
		};
		14BDD0962D736A5A004AE785 /* Frameworks */ = {
			isa = PBXFrameworksBuildPhase;
			buildActionMask = 2147483647;
			files = (
			);
			runOnlyForDeploymentPostprocessing = 0;
		};
		14BDD0A02D736A5A004AE785 /* Frameworks */ = {
			isa = PBXFrameworksBuildPhase;
			buildActionMask = 2147483647;
			files = (
			);
			runOnlyForDeploymentPostprocessing = 0;
		};
/* End PBXFrameworksBuildPhase section */

/* Begin PBXGroup section */
		14BDD07E2D736A58004AE785 = {
			isa = PBXGroup;
			children = (
				14BDD0892D736A58004AE785 /* 5th-SwiftUI-SwiftData */,
				14BDD09C2D736A5A004AE785 /* 5th-SwiftUI-SwiftDataTests */,
				14BDD0A62D736A5A004AE785 /* 5th-SwiftUI-SwiftDataUITests */,
				14BDD0882D736A58004AE785 /* Products */,
			);
			sourceTree = "<group>";
		};
		14BDD0882D736A58004AE785 /* Products */ = {
			isa = PBXGroup;
			children = (
				14BDD0872D736A58004AE785 /* 5th-SwiftUI-SwiftData.app */,
				14BDD0992D736A5A004AE785 /* 5th-SwiftUI-SwiftDataTests.xctest */,
				14BDD0A32D736A5A004AE785 /* 5th-SwiftUI-SwiftDataUITests.xctest */,
			);
			name = Products;
			sourceTree = "<group>";
		};
/* End PBXGroup section */

/* Begin PBXNativeTarget section */
		14BDD0862D736A58004AE785 /* 5th-SwiftUI-SwiftData */ = {
			isa = PBXNativeTarget;
			buildConfigurationList = 14BDD0AD2D736A5A004AE785 /* Build configuration list for PBXNativeTarget "5th-SwiftUI-SwiftData" */;
			buildPhases = (
				14BDD0832D736A58004AE785 /* Sources */,
				14BDD0842D736A58004AE785 /* Frameworks */,
				14BDD0852D736A58004AE785 /* Resources */,
			);
			buildRules = (
			);
			dependencies = (
			);
			fileSystemSynchronizedGroups = (
				14BDD0892D736A58004AE785 /* 5th-SwiftUI-SwiftData */,
			);
			name = "5th-SwiftUI-SwiftData";
			packageProductDependencies = (
			);
			productName = "5th-SwiftUI-SwiftData";
			productReference = 14BDD0872D736A58004AE785 /* 5th-SwiftUI-SwiftData.app */;
			productType = "com.apple.product-type.application";
		};
		14BDD0982D736A5A004AE785 /* 5th-SwiftUI-SwiftDataTests */ = {
			isa = PBXNativeTarget;
			buildConfigurationList = 14BDD0B02D736A5A004AE785 /* Build configuration list for PBXNativeTarget "5th-SwiftUI-SwiftDataTests" */;
			buildPhases = (
				14BDD0952D736A5A004AE785 /* Sources */,
				14BDD0962D736A5A004AE785 /* Frameworks */,
				14BDD0972D736A5A004AE785 /* Resources */,
			);
			buildRules = (
			);
			dependencies = (
				14BDD09B2D736A5A004AE785 /* PBXTargetDependency */,
			);
			fileSystemSynchronizedGroups = (
				14BDD09C2D736A5A004AE785 /* 5th-SwiftUI-SwiftDataTests */,
			);
			name = "5th-SwiftUI-SwiftDataTests";
			packageProductDependencies = (
			);
			productName = "5th-SwiftUI-SwiftDataTests";
			productReference = 14BDD0992D736A5A004AE785 /* 5th-SwiftUI-SwiftDataTests.xctest */;
			productType = "com.apple.product-type.bundle.unit-test";
		};
		14BDD0A22D736A5A004AE785 /* 5th-SwiftUI-SwiftDataUITests */ = {
			isa = PBXNativeTarget;
			buildConfigurationList = 14BDD0B32D736A5A004AE785 /* Build configuration list for PBXNativeTarget "5th-SwiftUI-SwiftDataUITests" */;
			buildPhases = (
				14BDD09F2D736A5A004AE785 /* Sources */,
				14BDD0A02D736A5A004AE785 /* Frameworks */,
				14BDD0A12D736A5A004AE785 /* Resources */,
			);
			buildRules = (
			);
			dependencies = (
				14BDD0A52D736A5A004AE785 /* PBXTargetDependency */,
			);
			fileSystemSynchronizedGroups = (
				14BDD0A62D736A5A004AE785 /* 5th-SwiftUI-SwiftDataUITests */,
			);
			name = "5th-SwiftUI-SwiftDataUITests";
			packageProductDependencies = (
			);
			productName = "5th-SwiftUI-SwiftDataUITests";
			productReference = 14BDD0A32D736A5A004AE785 /* 5th-SwiftUI-SwiftDataUITests.xctest */;
			productType = "com.apple.product-type.bundle.ui-testing";
		};
/* End PBXNativeTarget section */

/* Begin PBXProject section */
		14BDD07F2D736A58004AE785 /* Project object */ = {
			isa = PBXProject;
			attributes = {
				BuildIndependentTargetsInParallel = 1;
				LastSwiftUpdateCheck = 1620;
				LastUpgradeCheck = 1620;
				TargetAttributes = {
					14BDD0862D736A58004AE785 = {
						CreatedOnToolsVersion = 16.2;
					};
					14BDD0982D736A5A004AE785 = {
						CreatedOnToolsVersion = 16.2;
						TestTargetID = 14BDD0862D736A58004AE785;
					};
					14BDD0A22D736A5A004AE785 = {
						CreatedOnToolsVersion = 16.2;
						TestTargetID = 14BDD0862D736A58004AE785;
					};
				};
			};
			buildConfigurationList = 14BDD0822D736A58004AE785 /* Build configuration list for PBXProject "5th-SwiftUI-SwiftData" */;
			developmentRegion = en;
			hasScannedForEncodings = 0;
			knownRegions = (
				en,
				Base,
			);
			mainGroup = 14BDD07E2D736A58004AE785;
			minimizedProjectReferenceProxies = 1;
			preferredProjectObjectVersion = 77;
			productRefGroup = 14BDD0882D736A58004AE785 /* Products */;
			projectDirPath = "";
			projectRoot = "";
			targets = (
				14BDD0862D736A58004AE785 /* 5th-SwiftUI-SwiftData */,
				14BDD0982D736A5A004AE785 /* 5th-SwiftUI-SwiftDataTests */,
				14BDD0A22D736A5A004AE785 /* 5th-SwiftUI-SwiftDataUITests */,
			);
		};
/* End PBXProject section */

/* Begin PBXResourcesBuildPhase section */
		14BDD0852D736A58004AE785 /* Resources */ = {
			isa = PBXResourcesBuildPhase;
			buildActionMask = 2147483647;
			files = (
			);
			runOnlyForDeploymentPostprocessing = 0;
		};
		14BDD0972D736A5A004AE785 /* Resources */ = {
			isa = PBXResourcesBuildPhase;
			buildActionMask = 2147483647;
			files = (
			);
			runOnlyForDeploymentPostprocessing = 0;
		};
		14BDD0A12D736A5A004AE785 /* Resources */ = {
			isa = PBXResourcesBuildPhase;
			buildActionMask = 2147483647;
			files = (
			);
			runOnlyForDeploymentPostprocessing = 0;
		};
/* End PBXResourcesBuildPhase section */

/* Begin PBXSourcesBuildPhase section */
		14BDD0832D736A58004AE785 /* Sources */ = {
			isa = PBXSourcesBuildPhase;
			buildActionMask = 2147483647;
			files = (
			);
			runOnlyForDeploymentPostprocessing = 0;
		};
		14BDD0952D736A5A004AE785 /* Sources */ = {
			isa = PBXSourcesBuildPhase;
			buildActionMask = 2147483647;
			files = (
			);
			runOnlyForDeploymentPostprocessing = 0;
		};
		14BDD09F2D736A5A004AE785 /* Sources */ = {
			isa = PBXSourcesBuildPhase;
			buildActionMask = 2147483647;
			files = (
			);
			runOnlyForDeploymentPostprocessing = 0;
		};
/* End PBXSourcesBuildPhase section */

/* Begin PBXTargetDependency section */
		14BDD09B2D736A5A004AE785 /* PBXTargetDependency */ = {
			isa = PBXTargetDependency;
			target = 14BDD0862D736A58004AE785 /* 5th-SwiftUI-SwiftData */;
			targetProxy = 14BDD09A2D736A5A004AE785 /* PBXContainerItemProxy */;
		};
		14BDD0A52D736A5A004AE785 /* PBXTargetDependency */ = {
			isa = PBXTargetDependency;
			target = 14BDD0862D736A58004AE785 /* 5th-SwiftUI-SwiftData */;
			targetProxy = 14BDD0A42D736A5A004AE785 /* PBXContainerItemProxy */;
		};
/* End PBXTargetDependency section */

/* Begin XCBuildConfiguration section */
		14BDD0AB2D736A5A004AE785 /* Debug */ = {
			isa = XCBuildConfiguration;
			buildSettings = {
				ALWAYS_SEARCH_USER_PATHS = NO;
				ASSETCATALOG_COMPILER_GENERATE_SWIFT_ASSET_SYMBOL_EXTENSIONS = YES;
				CLANG_ANALYZER_NONNULL = YES;
				CLANG_ANALYZER_NUMBER_OBJECT_CONVERSION = YES_AGGRESSIVE;
				CLANG_CXX_LANGUAGE_STANDARD = "gnu++20";
				CLANG_ENABLE_MODULES = YES;
				CLANG_ENABLE_OBJC_ARC = YES;
				CLANG_ENABLE_OBJC_WEAK = YES;
				CLANG_WARN_BLOCK_CAPTURE_AUTORELEASING = YES;
				CLANG_WARN_BOOL_CONVERSION = YES;
				CLANG_WARN_COMMA = YES;
				CLANG_WARN_CONSTANT_CONVERSION = YES;
				CLANG_WARN_DEPRECATED_OBJC_IMPLEMENTATIONS = YES;
				CLANG_WARN_DIRECT_OBJC_ISA_USAGE = YES_ERROR;
				CLANG_WARN_DOCUMENTATION_COMMENTS = YES;
				CLANG_WARN_EMPTY_BODY = YES;
				CLANG_WARN_ENUM_CONVERSION = YES;
				CLANG_WARN_INFINITE_RECURSION = YES;
				CLANG_WARN_INT_CONVERSION = YES;
				CLANG_WARN_NON_LITERAL_NULL_CONVERSION = YES;
				CLANG_WARN_OBJC_IMPLICIT_RETAIN_SELF = YES;
				CLANG_WARN_OBJC_LITERAL_CONVERSION = YES;
				CLANG_WARN_OBJC_ROOT_CLASS = YES_ERROR;
				CLANG_WARN_QUOTED_INCLUDE_IN_FRAMEWORK_HEADER = YES;
				CLANG_WARN_RANGE_LOOP_ANALYSIS = YES;
				CLANG_WARN_STRICT_PROTOTYPES = YES;
				CLANG_WARN_SUSPICIOUS_MOVE = YES;
				CLANG_WARN_UNGUARDED_AVAILABILITY = YES_AGGRESSIVE;
				CLANG_WARN_UNREACHABLE_CODE = YES;
				CLANG_WARN__DUPLICATE_METHOD_MATCH = YES;
				COPY_PHASE_STRIP = NO;
				DEBUG_INFORMATION_FORMAT = dwarf;
				ENABLE_STRICT_OBJC_MSGSEND = YES;
				ENABLE_TESTABILITY = YES;
				ENABLE_USER_SCRIPT_SANDBOXING = YES;
				GCC_C_LANGUAGE_STANDARD = gnu17;
				GCC_DYNAMIC_NO_PIC = NO;
				GCC_NO_COMMON_BLOCKS = YES;
				GCC_OPTIMIZATION_LEVEL = 0;
				GCC_PREPROCESSOR_DEFINITIONS = (
					"DEBUG=1",
					"$(inherited)",
				);
				GCC_WARN_64_TO_32_BIT_CONVERSION = YES;
				GCC_WARN_ABOUT_RETURN_TYPE = YES_ERROR;
				GCC_WARN_UNDECLARED_SELECTOR = YES;
				GCC_WARN_UNINITIALIZED_AUTOS = YES_AGGRESSIVE;
				GCC_WARN_UNUSED_FUNCTION = YES;
				GCC_WARN_UNUSED_VARIABLE = YES;
				IPHONEOS_DEPLOYMENT_TARGET = 18.2;
				LOCALIZATION_PREFERS_STRING_CATALOGS = YES;
				MTL_ENABLE_DEBUG_INFO = INCLUDE_SOURCE;
				MTL_FAST_MATH = YES;
				ONLY_ACTIVE_ARCH = YES;
				SDKROOT = iphoneos;
				SWIFT_ACTIVE_COMPILATION_CONDITIONS = "DEBUG $(inherited)";
				SWIFT_OPTIMIZATION_LEVEL = "-Onone";
			};
			name = Debug;
		};
		14BDD0AC2D736A5A004AE785 /* Release */ = {
			isa = XCBuildConfiguration;
			buildSettings = {
				ALWAYS_SEARCH_USER_PATHS = NO;
				ASSETCATALOG_COMPILER_GENERATE_SWIFT_ASSET_SYMBOL_EXTENSIONS = YES;
				CLANG_ANALYZER_NONNULL = YES;
				CLANG_ANALYZER_NUMBER_OBJECT_CONVERSION = YES_AGGRESSIVE;
				CLANG_CXX_LANGUAGE_STANDARD = "gnu++20";
				CLANG_ENABLE_MODULES = YES;
				CLANG_ENABLE_OBJC_ARC = YES;
				CLANG_ENABLE_OBJC_WEAK = YES;
				CLANG_WARN_BLOCK_CAPTURE_AUTORELEASING = YES;
				CLANG_WARN_BOOL_CONVERSION = YES;
				CLANG_WARN_COMMA = YES;
				CLANG_WARN_CONSTANT_CONVERSION = YES;
				CLANG_WARN_DEPRECATED_OBJC_IMPLEMENTATIONS = YES;
				CLANG_WARN_DIRECT_OBJC_ISA_USAGE = YES_ERROR;
				CLANG_WARN_DOCUMENTATION_COMMENTS = YES;
				CLANG_WARN_EMPTY_BODY = YES;
				CLANG_WARN_ENUM_CONVERSION = YES;
				CLANG_WARN_INFINITE_RECURSION = YES;
				CLANG_WARN_INT_CONVERSION = YES;
				CLANG_WARN_NON_LITERAL_NULL_CONVERSION = YES;
				CLANG_WARN_OBJC_IMPLICIT_RETAIN_SELF = YES;
				CLANG_WARN_OBJC_LITERAL_CONVERSION = YES;
				CLANG_WARN_OBJC_ROOT_CLASS = YES_ERROR;
				CLANG_WARN_QUOTED_INCLUDE_IN_FRAMEWORK_HEADER = YES;
				CLANG_WARN_RANGE_LOOP_ANALYSIS = YES;
				CLANG_WARN_STRICT_PROTOTYPES = YES;
				CLANG_WARN_SUSPICIOUS_MOVE = YES;
				CLANG_WARN_UNGUARDED_AVAILABILITY = YES_AGGRESSIVE;
				CLANG_WARN_UNREACHABLE_CODE = YES;
				CLANG_WARN__DUPLICATE_METHOD_MATCH = YES;
				COPY_PHASE_STRIP = NO;
				DEBUG_INFORMATION_FORMAT = "dwarf-with-dsym";
				ENABLE_NS_ASSERTIONS = NO;
				ENABLE_STRICT_OBJC_MSGSEND = YES;
				ENABLE_USER_SCRIPT_SANDBOXING = YES;
				GCC_C_LANGUAGE_STANDARD = gnu17;
				GCC_NO_COMMON_BLOCKS = YES;
				GCC_WARN_64_TO_32_BIT_CONVERSION = YES;
				GCC_WARN_ABOUT_RETURN_TYPE = YES_ERROR;
				GCC_WARN_UNDECLARED_SELECTOR = YES;
				GCC_WARN_UNINITIALIZED_AUTOS = YES_AGGRESSIVE;
				GCC_WARN_UNUSED_FUNCTION = YES;
				GCC_WARN_UNUSED_VARIABLE = YES;
				IPHONEOS_DEPLOYMENT_TARGET = 18.2;
				LOCALIZATION_PREFERS_STRING_CATALOGS = YES;
				MTL_ENABLE_DEBUG_INFO = NO;
				MTL_FAST_MATH = YES;
				SDKROOT = iphoneos;
				SWIFT_COMPILATION_MODE = wholemodule;
				VALIDATE_PRODUCT = YES;
			};
			name = Release;
		};
		14BDD0AE2D736A5A004AE785 /* Debug */ = {
			isa = XCBuildConfiguration;
			buildSettings = {
				ASSETCATALOG_COMPILER_APPICON_NAME = AppIcon;
				ASSETCATALOG_COMPILER_GLOBAL_ACCENT_COLOR_NAME = AccentColor;
				CODE_SIGN_STYLE = Automatic;
				CURRENT_PROJECT_VERSION = 1;
				DEVELOPMENT_ASSET_PATHS = "\"5th-SwiftUI-SwiftData/Resources/Preview Content\"";
				DEVELOPMENT_TEAM = QPXSR9M985;
				ENABLE_PREVIEWS = YES;
				GENERATE_INFOPLIST_FILE = YES;
				INFOPLIST_KEY_UIApplicationSceneManifest_Generation = YES;
				INFOPLIST_KEY_UIApplicationSupportsIndirectInputEvents = YES;
				INFOPLIST_KEY_UILaunchScreen_Generation = YES;
				INFOPLIST_KEY_UISupportedInterfaceOrientations_iPad = "UIInterfaceOrientationPortrait UIInterfaceOrientationPortraitUpsideDown UIInterfaceOrientationLandscapeLeft UIInterfaceOrientationLandscapeRight";
				INFOPLIST_KEY_UISupportedInterfaceOrientations_iPhone = "UIInterfaceOrientationPortrait UIInterfaceOrientationLandscapeLeft UIInterfaceOrientationLandscapeRight";
				LD_RUNPATH_SEARCH_PATHS = (
					"$(inherited)",
					"@executable_path/Frameworks",
				);
				MARKETING_VERSION = 1.0;
				PRODUCT_BUNDLE_IDENTIFIER = "com.lyh.-th-SwiftUI-SwiftData";
				PRODUCT_NAME = "$(TARGET_NAME)";
				SWIFT_EMIT_LOC_STRINGS = YES;
				SWIFT_VERSION = 5.0;
				TARGETED_DEVICE_FAMILY = "1,2";
			};
			name = Debug;
		};
		14BDD0AF2D736A5A004AE785 /* Release */ = {
			isa = XCBuildConfiguration;
			buildSettings = {
				ASSETCATALOG_COMPILER_APPICON_NAME = AppIcon;
				ASSETCATALOG_COMPILER_GLOBAL_ACCENT_COLOR_NAME = AccentColor;
				CODE_SIGN_STYLE = Automatic;
				CURRENT_PROJECT_VERSION = 1;
				DEVELOPMENT_ASSET_PATHS = "\"5th-SwiftUI-SwiftData/Resources/Preview Content\"";
				DEVELOPMENT_TEAM = QPXSR9M985;
				ENABLE_PREVIEWS = YES;
				GENERATE_INFOPLIST_FILE = YES;
				INFOPLIST_KEY_UIApplicationSceneManifest_Generation = YES;
				INFOPLIST_KEY_UIApplicationSupportsIndirectInputEvents = YES;
				INFOPLIST_KEY_UILaunchScreen_Generation = YES;
				INFOPLIST_KEY_UISupportedInterfaceOrientations_iPad = "UIInterfaceOrientationPortrait UIInterfaceOrientationPortraitUpsideDown UIInterfaceOrientationLandscapeLeft UIInterfaceOrientationLandscapeRight";
				INFOPLIST_KEY_UISupportedInterfaceOrientations_iPhone = "UIInterfaceOrientationPortrait UIInterfaceOrientationLandscapeLeft UIInterfaceOrientationLandscapeRight";
				LD_RUNPATH_SEARCH_PATHS = (
					"$(inherited)",
					"@executable_path/Frameworks",
				);
				MARKETING_VERSION = 1.0;
				PRODUCT_BUNDLE_IDENTIFIER = "com.lyh.-th-SwiftUI-SwiftData";
				PRODUCT_NAME = "$(TARGET_NAME)";
				SWIFT_EMIT_LOC_STRINGS = YES;
				SWIFT_VERSION = 5.0;
				TARGETED_DEVICE_FAMILY = "1,2";
			};
			name = Release;
		};
		14BDD0B12D736A5A004AE785 /* Debug */ = {
			isa = XCBuildConfiguration;
			buildSettings = {
				BUNDLE_LOADER = "$(TEST_HOST)";
				CODE_SIGN_STYLE = Automatic;
				CURRENT_PROJECT_VERSION = 1;
				DEVELOPMENT_TEAM = QPXSR9M985;
				GENERATE_INFOPLIST_FILE = YES;
				IPHONEOS_DEPLOYMENT_TARGET = 18.2;
				MARKETING_VERSION = 1.0;
				PRODUCT_BUNDLE_IDENTIFIER = "com.lyh.-th-SwiftUI-SwiftDataTests";
				PRODUCT_NAME = "$(TARGET_NAME)";
				SWIFT_EMIT_LOC_STRINGS = NO;
				SWIFT_VERSION = 5.0;
				TARGETED_DEVICE_FAMILY = "1,2";
				TEST_HOST = "$(BUILT_PRODUCTS_DIR)/5th-SwiftUI-SwiftData.app/$(BUNDLE_EXECUTABLE_FOLDER_PATH)/5th-SwiftUI-SwiftData";
			};
			name = Debug;
		};
		14BDD0B22D736A5A004AE785 /* Release */ = {
			isa = XCBuildConfiguration;
			buildSettings = {
				BUNDLE_LOADER = "$(TEST_HOST)";
				CODE_SIGN_STYLE = Automatic;
				CURRENT_PROJECT_VERSION = 1;
				DEVELOPMENT_TEAM = QPXSR9M985;
				GENERATE_INFOPLIST_FILE = YES;
				IPHONEOS_DEPLOYMENT_TARGET = 18.2;
				MARKETING_VERSION = 1.0;
				PRODUCT_BUNDLE_IDENTIFIER = "com.lyh.-th-SwiftUI-SwiftDataTests";
				PRODUCT_NAME = "$(TARGET_NAME)";
				SWIFT_EMIT_LOC_STRINGS = NO;
				SWIFT_VERSION = 5.0;
				TARGETED_DEVICE_FAMILY = "1,2";
				TEST_HOST = "$(BUILT_PRODUCTS_DIR)/5th-SwiftUI-SwiftData.app/$(BUNDLE_EXECUTABLE_FOLDER_PATH)/5th-SwiftUI-SwiftData";
			};
			name = Release;
		};
		14BDD0B42D736A5A004AE785 /* Debug */ = {
			isa = XCBuildConfiguration;
			buildSettings = {
				CODE_SIGN_STYLE = Automatic;
				CURRENT_PROJECT_VERSION = 1;
				DEVELOPMENT_TEAM = QPXSR9M985;
				GENERATE_INFOPLIST_FILE = YES;
				MARKETING_VERSION = 1.0;
				PRODUCT_BUNDLE_IDENTIFIER = "com.lyh.-th-SwiftUI-SwiftDataUITests";
				PRODUCT_NAME = "$(TARGET_NAME)";
				SWIFT_EMIT_LOC_STRINGS = NO;
				SWIFT_VERSION = 5.0;
				TARGETED_DEVICE_FAMILY = "1,2";
				TEST_TARGET_NAME = "5th-SwiftUI-SwiftData";
			};
			name = Debug;
		};
		14BDD0B52D736A5A004AE785 /* Release */ = {
			isa = XCBuildConfiguration;
			buildSettings = {
				CODE_SIGN_STYLE = Automatic;
				CURRENT_PROJECT_VERSION = 1;
				DEVELOPMENT_TEAM = QPXSR9M985;
				GENERATE_INFOPLIST_FILE = YES;
				MARKETING_VERSION = 1.0;
				PRODUCT_BUNDLE_IDENTIFIER = "com.lyh.-th-SwiftUI-SwiftDataUITests";
				PRODUCT_NAME = "$(TARGET_NAME)";
				SWIFT_EMIT_LOC_STRINGS = NO;
				SWIFT_VERSION = 5.0;
				TARGETED_DEVICE_FAMILY = "1,2";
				TEST_TARGET_NAME = "5th-SwiftUI-SwiftData";
			};
			name = Release;
		};
/* End XCBuildConfiguration section */

/* Begin XCConfigurationList section */
		14BDD0822D736A58004AE785 /* Build configuration list for PBXProject "5th-SwiftUI-SwiftData" */ = {
			isa = XCConfigurationList;
			buildConfigurations = (
				14BDD0AB2D736A5A004AE785 /* Debug */,
				14BDD0AC2D736A5A004AE785 /* Release */,
			);
			defaultConfigurationIsVisible = 0;
			defaultConfigurationName = Release;
		};
		14BDD0AD2D736A5A004AE785 /* Build configuration list for PBXNativeTarget "5th-SwiftUI-SwiftData" */ = {
			isa = XCConfigurationList;
			buildConfigurations = (
				14BDD0AE2D736A5A004AE785 /* Debug */,
				14BDD0AF2D736A5A004AE785 /* Release */,
			);
			defaultConfigurationIsVisible = 0;
			defaultConfigurationName = Release;
		};
		14BDD0B02D736A5A004AE785 /* Build configuration list for PBXNativeTarget "5th-SwiftUI-SwiftDataTests" */ = {
			isa = XCConfigurationList;
			buildConfigurations = (
				14BDD0B12D736A5A004AE785 /* Debug */,
				14BDD0B22D736A5A004AE785 /* Release */,
			);
			defaultConfigurationIsVisible = 0;
			defaultConfigurationName = Release;
		};
		14BDD0B32D736A5A004AE785 /* Build configuration list for PBXNativeTarget "5th-SwiftUI-SwiftDataUITests" */ = {
			isa = XCConfigurationList;
			buildConfigurations = (
				14BDD0B42D736A5A004AE785 /* Debug */,
				14BDD0B52D736A5A004AE785 /* Release */,
			);
			defaultConfigurationIsVisible = 0;
			defaultConfigurationName = Release;
		};
/* End XCConfigurationList section */
	};
	rootObject = 14BDD07F2D736A58004AE785 /* Project object */;
}
